
Microsoft Visual Studio Solution File, Format Version 12.00
Project("{2150E333-8FDC-42A3-9474-1A3956D46DE8}") = "UI", "UI", "{7BD7DFF0-CC4C-4F88-9A5F-3EA7FE5919E8}"
EndProject
Project("{FAE04EC0-301F-11D3-BF4B-00C04F79EFBC}") = "AuroraGuard.Core", "AuroraGuard.Core\AuroraGuard.Core.csproj", "{61752D52-4363-4AD9-B1CA-713E5E7FEB10}"
EndProject
Project("{FAE04EC0-301F-11D3-BF4B-00C04F79EFBC}") = "AuroraGuard.ViewModels", "AuroraGuard.ViewModels\AuroraGuard.ViewModels.csproj", "{40EE922E-37AA-4EE5-A93A-E83EF642352F}"
EndProject
Project("{FAE04EC0-301F-11D3-BF4B-00C04F79EFBC}") = "AuroraGuard.Tests", "AuroraGuard.Tests\AuroraGuard.Tests.csproj", "{EFD31E51-4403-4B68-9CB7-B4DC78A91A8B}"
EndProject
Project("{FAE04EC0-301F-11D3-BF4B-00C04F79EFBC}") = "AuroraGuard.DataAccess", "AuroraGuard.DataAccess\AuroraGuard.DataAccess.csproj", "{934BCE49-18AF-473D-AD43-FDE216935247}"
EndProject
Project("{FAE04EC0-301F-11D3-BF4B-00C04F79EFBC}") = "AuroraGuard.DTOs", "AuroraGuard.DTOs\AuroraGuard.DTOs.csproj", "{8C6118B0-CE0B-4834-80E3-BC5AC9C2C227}"
EndProject
Project("{FAE04EC0-301F-11D3-BF4B-00C04F79EFBC}") = "AuroraGuard.Services", "AuroraGuard.Services\AuroraGuard.Services.csproj", "{D5F94D68-8907-4C20-81B4-FADA071F0B7B}"
EndProject
Global
	GlobalSection(SolutionConfigurationPlatforms) = preSolution
		Debug|Any CPU = Debug|Any CPU
		Release|Any CPU = Release|Any CPU
	EndGlobalSection
	GlobalSection(ProjectConfigurationPlatforms) = postSolution
		{61752D52-4363-4AD9-B1CA-713E5E7FEB10}.Debug|Any CPU.ActiveCfg = Debug|Any CPU
		{61752D52-4363-4AD9-B1CA-713E5E7FEB10}.Debug|Any CPU.Build.0 = Debug|Any CPU
		{61752D52-4363-4AD9-B1CA-713E5E7FEB10}.Release|Any CPU.ActiveCfg = Release|Any CPU
		{61752D52-4363-4AD9-B1CA-713E5E7FEB10}.Release|Any CPU.Build.0 = Release|Any CPU
		{40EE922E-37AA-4EE5-A93A-E83EF642352F}.Debug|Any CPU.ActiveCfg = Debug|Any CPU
		{40EE922E-37AA-4EE5-A93A-E83EF642352F}.Debug|Any CPU.Build.0 = Debug|Any CPU
		{40EE922E-37AA-4EE5-A93A-E83EF642352F}.Release|Any CPU.ActiveCfg = Release|Any CPU
		{40EE922E-37AA-4EE5-A93A-E83EF642352F}.Release|Any CPU.Build.0 = Release|Any CPU
		{EFD31E51-4403-4B68-9CB7-B4DC78A91A8B}.Debug|Any CPU.ActiveCfg = Debug|Any CPU
		{EFD31E51-4403-4B68-9CB7-B4DC78A91A8B}.Debug|Any CPU.Build.0 = Debug|Any CPU
		{EFD31E51-4403-4B68-9CB7-B4DC78A91A8B}.Release|Any CPU.ActiveCfg = Release|Any CPU
		{EFD31E51-4403-4B68-9CB7-B4DC78A91A8B}.Release|Any CPU.Build.0 = Release|Any CPU
		{934BCE49-18AF-473D-AD43-FDE216935247}.Debug|Any CPU.ActiveCfg = Debug|Any CPU
		{934BCE49-18AF-473D-AD43-FDE216935247}.Debug|Any CPU.Build.0 = Debug|Any CPU
		{934BCE49-18AF-473D-AD43-FDE216935247}.Release|Any CPU.ActiveCfg = Release|Any CPU
		{934BCE49-18AF-473D-AD43-FDE216935247}.Release|Any CPU.Build.0 = Release|Any CPU
		{8C6118B0-CE0B-4834-80E3-BC5AC9C2C227}.Debug|Any CPU.ActiveCfg = Debug|Any CPU
		{8C6118B0-CE0B-4834-80E3-BC5AC9C2C227}.Debug|Any CPU.Build.0 = Debug|Any CPU
		{8C6118B0-CE0B-4834-80E3-BC5AC9C2C227}.Release|Any CPU.ActiveCfg = Release|Any CPU
		{8C6118B0-CE0B-4834-80E3-BC5AC9C2C227}.Release|Any CPU.Build.0 = Release|Any CPU
		{D5F94D68-8907-4C20-81B4-FADA071F0B7B}.Debug|Any CPU.ActiveCfg = Debug|Any CPU
		{D5F94D68-8907-4C20-81B4-FADA071F0B7B}.Debug|Any CPU.Build.0 = Debug|Any CPU
		{D5F94D68-8907-4C20-81B4-FADA071F0B7B}.Release|Any CPU.ActiveCfg = Release|Any CPU
		{D5F94D68-8907-4C20-81B4-FADA071F0B7B}.Release|Any CPU.Build.0 = Release|Any CPU
	EndGlobalSection
	GlobalSection(NestedProjects) = preSolution
		{40EE922E-37AA-4EE5-A93A-E83EF642352F} = {7BD7DFF0-CC4C-4F88-9A5F-3EA7FE5919E8}
	EndGlobalSection
EndGlobal
